
Microsoft Visual Studio Solution File, Format Version 12.00
# Visual Studio Version 16
VisualStudioVersion = 16.0.30517.126
MinimumVisualStudioVersion = 10.0.40219.1
Project("{2150E333-8FDC-42A3-9474-1A3956D46DE8}") = "src", "src", "{A26F0240-A156-4B54-8637-5BAAFF28CFB0}"
EndProject
Project("{2150E333-8FDC-42A3-9474-1A3956D46DE8}") = "Catalog", "Catalog", "{1FDB87C2-C142-4D78-95BE-D523077BD744}"
EndProject
Project("{9A19103F-16F7-4668-BE54-9A1E7A4F7556}") = "Catalog.API", "src\Catalog\Catalog.API\Catalog.API.csproj", "{21EC0E1F-8837-496A-A7A6-C9DCBEDEB4F0}"
EndProject
Project("{E53339B2-1760-4266-BCC7-CA923CBCF16C}") = "docker-compose", "docker-compose.dcproj", "{7B6107F2-E21E-413D-8511-ACF8E02B42CE}"
EndProject
Global
	GlobalSection(SolutionConfigurationPlatforms) = preSolution
		Debug|Any CPU = Debug|Any CPU
		Release|Any CPU = Release|Any CPU
	EndGlobalSection
	GlobalSection(ProjectConfigurationPlatforms) = postSolution
		{21EC0E1F-8837-496A-A7A6-C9DCBEDEB4F0}.Debug|Any CPU.ActiveCfg = Debug|Any CPU
		{21EC0E1F-8837-496A-A7A6-C9DCBEDEB4F0}.Debug|Any CPU.Build.0 = Debug|Any CPU
		{21EC0E1F-8837-496A-A7A6-C9DCBEDEB4F0}.Release|Any CPU.ActiveCfg = Release|Any CPU
		{21EC0E1F-8837-496A-A7A6-C9DCBEDEB4F0}.Release|Any CPU.Build.0 = Release|Any CPU
		{7B6107F2-E21E-413D-8511-ACF8E02B42CE}.Debug|Any CPU.ActiveCfg = Debug|Any CPU
		{7B6107F2-E21E-413D-8511-ACF8E02B42CE}.Debug|Any CPU.Build.0 = Debug|Any CPU
		{7B6107F2-E21E-413D-8511-ACF8E02B42CE}.Release|Any CPU.ActiveCfg = Release|Any CPU
		{7B6107F2-E21E-413D-8511-ACF8E02B42CE}.Release|Any CPU.Build.0 = Release|Any CPU
	EndGlobalSection
	GlobalSection(SolutionProperties) = preSolution
		HideSolutionNode = FALSE
	EndGlobalSection
	GlobalSection(NestedProjects) = preSolution
		{1FDB87C2-C142-4D78-95BE-D523077BD744} = {A26F0240-A156-4B54-8637-5BAAFF28CFB0}
		{21EC0E1F-8837-496A-A7A6-C9DCBEDEB4F0} = {1FDB87C2-C142-4D78-95BE-D523077BD744}
	EndGlobalSection
	GlobalSection(ExtensibilityGlobals) = postSolution
		SolutionGuid = {BABA8775-7E3B-4F9F-A2AE-1DE592DECAF4}
	EndGlobalSection
EndGlobal
